<?xml version="1.0" encoding="utf-8"?>
<Project ToolsVersion="4.0" xmlns="http://schemas.microsoft.com/developer/msbuild/2003">
  <ItemGroup>
    <Filter Include="Source Files">
      <UniqueIdentifier>{4FC737F1-C7A5-4376-A066-2A32D752A2FF}</UniqueIdentifier>
      <Extensions>cpp;c;cc;cxx;def;odl;idl;hpj;bat;asm;asmx</Extensions>
    </Filter>
    <Filter Include="Header Files">
      <UniqueIdentifier>{93995380-89BD-4b04-88EB-625FBE52EBFB}</UniqueIdentifier>
      <Extensions>h;hh;hpp;hxx;hm;inl;inc;xsd</Extensions>
    </Filter>
    <Filter Include="Resource Files">
      <UniqueIdentifier>{67DA6AB6-F800-4c08-8B7A-83BB121AAD01}</UniqueIdentifier>
      <Extensions>rc;ico;cur;bmp;dlg;rc2;rct;bin;rgs;gif;jpg;jpeg;jpe;resx;tiff;tif;png;wav;mfcribbon-ms</Extensions>
    </Filter>
    <Filter Include="Source Files\windows">
      <UniqueIdentifier>{e5505b4e-4a79-4d22-9554-d91657873171}</UniqueIdentifier>
    </Filter>
  </ItemGroup>
  <ItemGroup>
    <ClCompile Include="..\..\uTox\src\audio.c">
      <Filter>Source Files</Filter>
    </ClCompile>
    <ClCompile Include="..\..\uTox\src\avatar.c">
      <Filter>Source Files</Filter>
    </ClCompile>
    <ClCompile Include="..\..\uTox\src\button.c">
      <Filter>Source Files</Filter>
    </ClCompile>
    <ClCompile Include="..\..\uTox\src\commands.c">
      <Filter>Source Files</Filter>
    </ClCompile>
    <ClCompile Include="..\..\uTox\src\contextmenu.c">
      <Filter>Source Files</Filter>
    </ClCompile>
    <ClCompile Include="..\..\uTox\src\dns.c">
      <Filter>Source Files</Filter>
    </ClCompile>
    <ClCompile Include="..\..\uTox\src\dropdown.c">
      <Filter>Source Files</Filter>
    </ClCompile>
    <ClCompile Include="..\..\uTox\src\edit.c">
      <Filter>Source Files</Filter>
    </ClCompile>
    <ClCompile Include="..\..\uTox\src\file_transfers.c">
      <Filter>Source Files</Filter>
    </ClCompile>
    <ClCompile Include="..\..\uTox\src\friend.c">
      <Filter>Source Files</Filter>
    </ClCompile>
    <ClCompile Include="..\..\uTox\src\groups.c">
      <Filter>Source Files</Filter>
    </ClCompile>
    <ClCompile Include="..\..\uTox\src\inline_video.c">
      <Filter>Source Files</Filter>
    </ClCompile>
    <ClCompile Include="..\..\uTox\src\main.c">
      <Filter>Source Files</Filter>
    </ClCompile>
    <ClCompile Include="..\..\uTox\src\messages.c">
      <Filter>Source Files</Filter>
    </ClCompile>
    <ClCompile Include="..\..\uTox\src\roster.c">
      <Filter>Source Files</Filter>
    </ClCompile>
    <ClCompile Include="..\..\uTox\src\scrollable.c">
      <Filter>Source Files</Filter>
    </ClCompile>
    <ClCompile Include="..\..\uTox\src\svg.c">
      <Filter>Source Files</Filter>
    </ClCompile>
    <ClCompile Include="..\..\uTox\src\text.c">
      <Filter>Source Files</Filter>
    </ClCompile>
    <ClCompile Include="..\..\uTox\src\theme.c">
      <Filter>Source Files</Filter>
    </ClCompile>
    <ClCompile Include="..\..\uTox\src\tooltip.c">
      <Filter>Source Files</Filter>
    </ClCompile>
    <ClCompile Include="..\..\uTox\src\tox.c">
      <Filter>Source Files</Filter>
    </ClCompile>
    <ClCompile Include="..\..\uTox\src\ui.c">
      <Filter>Source Files</Filter>
    </ClCompile>
    <ClCompile Include="..\..\uTox\src\ui_buttons.c">
      <Filter>Source Files</Filter>
    </ClCompile>
    <ClCompile Include="..\..\uTox\src\ui_dropdown.c">
      <Filter>Source Files</Filter>
    </ClCompile>
    <ClCompile Include="..\..\uTox\src\ui_edits.c">
      <Filter>Source Files</Filter>
    </ClCompile>
    <ClCompile Include="..\..\uTox\src\ui_i18n.c">
      <Filter>Source Files</Filter>
    </ClCompile>
    <ClCompile Include="..\..\uTox\src\util.c">
      <Filter>Source Files</Filter>
    </ClCompile>
    <ClCompile Include="..\..\uTox\src\utox_av.c">
      <Filter>Source Files</Filter>
    </ClCompile>
    <ClCompile Include="..\..\uTox\src\video.c">
      <Filter>Source Files</Filter>
    </ClCompile>
    <ClCompile Include="..\..\uTox\src\windows\audio.c">
      <Filter>Source Files\windows</Filter>
    </ClCompile>
    <ClCompile Include="..\..\uTox\src\windows\dnd.c">
      <Filter>Source Files\windows</Filter>
    </ClCompile>
    <ClCompile Include="..\..\uTox\src\windows\main.7.c">
      <Filter>Source Files\windows</Filter>
    </ClCompile>
    <ClCompile Include="..\..\uTox\src\windows\main.c">
      <Filter>Source Files\windows</Filter>
    </ClCompile>
    <ClCompile Include="..\..\uTox\src\windows\main.XP.c">
      <Filter>Source Files\windows</Filter>
    </ClCompile>
    <ClCompile Include="..\..\uTox\src\windows\os_video.c">
      <Filter>Source Files\windows</Filter>
    </ClCompile>
    <ClCompile Include="..\..\uTox\src\windows\draw.c">
      <Filter>Source Files\windows</Filter>
    </ClCompile>
  </ItemGroup>
  <ItemGroup>
    <ClInclude Include="..\..\uTox\src\audio.h">
      <Filter>Header Files</Filter>
    </ClInclude>
    <ClInclude Include="..\..\uTox\src\avatar.h">
      <Filter>Header Files</Filter>
    </ClInclude>
    <ClInclude Include="..\..\uTox\src\button.h">
      <Filter>Header Files</Filter>
    </ClInclude>
    <ClInclude Include="..\..\uTox\src\commands.h">
      <Filter>Header Files</Filter>
    </ClInclude>
    <ClInclude Include="..\..\uTox\src\contextmenu.h">
      <Filter>Header Files</Filter>
    </ClInclude>
    <ClInclude Include="..\..\uTox\src\dns.h">
      <Filter>Header Files</Filter>
    </ClInclude>
    <ClInclude Include="..\..\uTox\src\dropdown.h">
      <Filter>Header Files</Filter>
    </ClInclude>
    <ClInclude Include="..\..\uTox\src\edit.h">
      <Filter>Header Files</Filter>
    </ClInclude>
    <ClInclude Include="..\..\uTox\src\file_transfers.h">
      <Filter>Header Files</Filter>
    </ClInclude>
    <ClInclude Include="..\..\uTox\src\friend.h">
      <Filter>Header Files</Filter>
    </ClInclude>
    <ClInclude Include="..\..\uTox\src\groups.h">
      <Filter>Header Files</Filter>
    </ClInclude>
    <ClInclude Include="..\..\uTox\src\inline_video.h">
      <Filter>Header Files</Filter>
    </ClInclude>
    <ClInclude Include="..\..\uTox\src\main.h">
      <Filter>Header Files</Filter>
    </ClInclude>
    <ClInclude Include="..\..\uTox\src\messages.h">
      <Filter>Header Files</Filter>
    </ClInclude>
    <ClInclude Include="..\..\uTox\src\roster.h">
      <Filter>Header Files</Filter>
    </ClInclude>
    <ClInclude Include="..\..\uTox\src\scrollable.h">
      <Filter>Header Files</Filter>
    </ClInclude>
    <ClInclude Include="..\..\uTox\src\sized_string.h">
      <Filter>Header Files</Filter>
    </ClInclude>
    <ClInclude Include="..\..\uTox\src\stb_image.h">
      <Filter>Header Files</Filter>
    </ClInclude>
    <ClInclude Include="..\..\uTox\src\stb_image_write.h">
      <Filter>Header Files</Filter>
    </ClInclude>
    <ClInclude Include="..\..\uTox\src\svg.h">
      <Filter>Header Files</Filter>
    </ClInclude>
    <ClInclude Include="..\..\uTox\src\text.h">
      <Filter>Header Files</Filter>
    </ClInclude>
    <ClInclude Include="..\..\uTox\src\theme.h">
      <Filter>Header Files</Filter>
    </ClInclude>
    <ClInclude Include="..\..\uTox\src\theme_tables.h">
      <Filter>Header Files</Filter>
    </ClInclude>
    <ClInclude Include="..\..\uTox\src\tooltip.h">
      <Filter>Header Files</Filter>
    </ClInclude>
    <ClInclude Include="..\..\uTox\src\tox.h">
      <Filter>Header Files</Filter>
    </ClInclude>
    <ClInclude Include="..\..\uTox\src\tox_bootstrap.h">
      <Filter>Header Files</Filter>
    </ClInclude>
    <ClInclude Include="..\..\uTox\src\tox_callbacks.h">
      <Filter>Header Files</Filter>
    </ClInclude>
    <ClInclude Include="..\..\uTox\src\ui.h">
      <Filter>Header Files</Filter>
    </ClInclude>
    <ClInclude Include="..\..\uTox\src\ui_buttons.h">
      <Filter>Header Files</Filter>
    </ClInclude>
    <ClInclude Include="..\..\uTox\src\ui_dropdown.h">
      <Filter>Header Files</Filter>
    </ClInclude>
    <ClInclude Include="..\..\uTox\src\ui_edits.h">
      <Filter>Header Files</Filter>
    </ClInclude>
    <ClInclude Include="..\..\uTox\src\ui_i18n.h">
      <Filter>Header Files</Filter>
    </ClInclude>
    <ClInclude Include="..\..\uTox\src\ui_i18n_decls.h">
      <Filter>Header Files</Filter>
    </ClInclude>
    <ClInclude Include="..\..\uTox\src\unused.h">
      <Filter>Header Files</Filter>
    </ClInclude>
    <ClInclude Include="..\..\uTox\src\util.h">
      <Filter>Header Files</Filter>
    </ClInclude>
    <ClInclude Include="..\..\uTox\src\utox_av.h">
      <Filter>Header Files</Filter>
    </ClInclude>
    <ClInclude Include="..\..\uTox\src\video.h">
      <Filter>Header Files</Filter>
    </ClInclude>
  </ItemGroup>
</Project>