
Microsoft Visual Studio Solution File, Format Version 12.00
# Visual Studio 14
VisualStudioVersion = 14.0.25123.0
MinimumVisualStudioVersion = 10.0.40219.1
Project("{2150E333-8FDC-42A3-9474-1A3956D46DE8}") = "deps", "deps", "{4063BBF3-B49A-4081-9BB7-32DDA7C523CD}"
EndProject
Project("{8BC9CEB8-8B4A-11D0-8D11-00A0C91BC942}") = "libconfig", "libconfig\libconfig.vcxproj", "{70B1D598-FA33-44E6-8B00-A00AD70D06D9}"
EndProject
Project("{8BC9CEB8-8B4A-11D0-8D11-00A0C91BC942}") = "libsodium", "libsodium\libsodium.vcxproj", "{BCFE1ECB-D39D-4BB1-B1F7-BCD550F7939F}"
EndProject
Project("{8BC9CEB8-8B4A-11D0-8D11-00A0C91BC942}") = "opus", "opus\opus.vcxproj", "{2980699D-21A5-48F5-BCB9-40D8BF820914}"
EndProject
Project("{8BC9CEB8-8B4A-11D0-8D11-00A0C91BC942}") = "vpx", "vpx\vpx.vcxproj", "{BC1C30B1-CD32-4454-A594-F032315D4A04}"
EndProject
Project("{2150E333-8FDC-42A3-9474-1A3956D46DE8}") = "toxcore", "toxcore", "{E5910B5E-D79A-44EB-9C81-532EA216A3E4}"
EndProject
Project("{8BC9CEB8-8B4A-11D0-8D11-00A0C91BC942}") = "toxcore", "toxcore\toxcore.vcxproj", "{1EEEBF9D-2C6B-40BD-A8B6-69B0E6D5E428}"
	ProjectSection(ProjectDependencies) = postProject
		{0BFE072B-1A22-49CE-B3BB-FBD1956B0D4F} = {0BFE072B-1A22-49CE-B3BB-FBD1956B0D4F}
		{BCFE1ECB-D39D-4BB1-B1F7-BCD550F7939F} = {BCFE1ECB-D39D-4BB1-B1F7-BCD550F7939F}
	EndProjectSection
EndProject
Project("{8BC9CEB8-8B4A-11D0-8D11-00A0C91BC942}") = "pthreads-w32", "pthreads-w32\pthreads-w32.vcxproj", "{0BFE072B-1A22-49CE-B3BB-FBD1956B0D4F}"
EndProject
Project("{8BC9CEB8-8B4A-11D0-8D11-00A0C91BC942}") = "toxav", "toxav\toxav.vcxproj", "{AE4ED68F-646A-4227-8378-364E567343AE}"
	ProjectSection(ProjectDependencies) = postProject
		{0BFE072B-1A22-49CE-B3BB-FBD1956B0D4F} = {0BFE072B-1A22-49CE-B3BB-FBD1956B0D4F}
		{2980699D-21A5-48F5-BCB9-40D8BF820914} = {2980699D-21A5-48F5-BCB9-40D8BF820914}
		{1EEEBF9D-2C6B-40BD-A8B6-69B0E6D5E428} = {1EEEBF9D-2C6B-40BD-A8B6-69B0E6D5E428}
		{BC1C30B1-CD32-4454-A594-F032315D4A04} = {BC1C30B1-CD32-4454-A594-F032315D4A04}
	EndProjectSection
EndProject
Project("{8BC9CEB8-8B4A-11D0-8D11-00A0C91BC942}") = "toxdns", "toxdns\toxdns.vcxproj", "{40F3064C-0D49-4ABE-87B9-F7EEC19DBE32}"
	ProjectSection(ProjectDependencies) = postProject
		{0BFE072B-1A22-49CE-B3BB-FBD1956B0D4F} = {0BFE072B-1A22-49CE-B3BB-FBD1956B0D4F}
		{1EEEBF9D-2C6B-40BD-A8B6-69B0E6D5E428} = {1EEEBF9D-2C6B-40BD-A8B6-69B0E6D5E428}
		{BCFE1ECB-D39D-4BB1-B1F7-BCD550F7939F} = {BCFE1ECB-D39D-4BB1-B1F7-BCD550F7939F}
	EndProjectSection
EndProject
Project("{8BC9CEB8-8B4A-11D0-8D11-00A0C91BC942}") = "toxencryptsave", "toxencryptsave\toxencryptsave.vcxproj", "{B107C42F-B9FD-43CF-95EF-735B2BDF80C2}"
	ProjectSection(ProjectDependencies) = postProject
		{1EEEBF9D-2C6B-40BD-A8B6-69B0E6D5E428} = {1EEEBF9D-2C6B-40BD-A8B6-69B0E6D5E428}
		{BCFE1ECB-D39D-4BB1-B1F7-BCD550F7939F} = {BCFE1ECB-D39D-4BB1-B1F7-BCD550F7939F}
	EndProjectSection
EndProject
Project("{2150E333-8FDC-42A3-9474-1A3956D46DE8}") = "uTox", "uTox", "{594241D1-D655-42D6-886C-70EAEE6F9A0D}"
EndProject
Project("{8BC9CEB8-8B4A-11D0-8D11-00A0C91BC942}") = "utox", "utox\utox.vcxproj", "{868956A6-1638-4523-9F3C-BCEEDC9E0FEA}"
	ProjectSection(ProjectDependencies) = postProject
		{4713B714-E0AB-4894-920B-F4FC1498C842} = {4713B714-E0AB-4894-920B-F4FC1498C842}
		{B107C42F-B9FD-43CF-95EF-735B2BDF80C2} = {B107C42F-B9FD-43CF-95EF-735B2BDF80C2}
		{40F3064C-0D49-4ABE-87B9-F7EEC19DBE32} = {40F3064C-0D49-4ABE-87B9-F7EEC19DBE32}
		{CF0EAD89-A149-4D1D-B683-DF394E074136} = {CF0EAD89-A149-4D1D-B683-DF394E074136}
		{AE4ED68F-646A-4227-8378-364E567343AE} = {AE4ED68F-646A-4227-8378-364E567343AE}
		{1EEEBF9D-2C6B-40BD-A8B6-69B0E6D5E428} = {1EEEBF9D-2C6B-40BD-A8B6-69B0E6D5E428}
	EndProjectSection
EndProject
Project("{2150E333-8FDC-42A3-9474-1A3956D46DE8}") = "deps", "deps", "{E22403D5-9DA4-426D-B1F7-C74E5E6679A4}"
EndProject
Project("{8BC9CEB8-8B4A-11D0-8D11-00A0C91BC942}") = "openal", "openal\openal.vcxproj", "{CF0EAD89-A149-4D1D-B683-DF394E074136}"
EndProject
Project("{8BC9CEB8-8B4A-11D0-8D11-00A0C91BC942}") = "getopt", "getopt\getopt.vcxproj", "{4713B714-E0AB-4894-920B-F4FC1498C842}"
EndProject
Project("{8BC9CEB8-8B4A-11D0-8D11-00A0C91BC942}") = "pdcurses", "pdcurses\pdcurses.vcxproj", "{CBAA8FB6-71D1-413D-B130-BC37B95C8ADA}"
EndProject
Project("{8BC9CEB8-8B4A-11D0-8D11-00A0C91BC942}") = "ntox", "ntox\ntox.vcxproj", "{AE9CA930-67CB-4F45-860D-AF0D03C6373D}"
	ProjectSection(ProjectDependencies) = postProject
		{B107C42F-B9FD-43CF-95EF-735B2BDF80C2} = {B107C42F-B9FD-43CF-95EF-735B2BDF80C2}
		{40F3064C-0D49-4ABE-87B9-F7EEC19DBE32} = {40F3064C-0D49-4ABE-87B9-F7EEC19DBE32}
		{AE4ED68F-646A-4227-8378-364E567343AE} = {AE4ED68F-646A-4227-8378-364E567343AE}
		{1EEEBF9D-2C6B-40BD-A8B6-69B0E6D5E428} = {1EEEBF9D-2C6B-40BD-A8B6-69B0E6D5E428}
		{CBAA8FB6-71D1-413D-B130-BC37B95C8ADA} = {CBAA8FB6-71D1-413D-B130-BC37B95C8ADA}
	EndProjectSection
EndProject
Global
	GlobalSection(SolutionConfigurationPlatforms) = preSolution
		Debug|x64 = Debug|x64
		Debug|x86 = Debug|x86
		Release|x64 = Release|x64
		Release|x86 = Release|x86
		StaticDebug|x64 = StaticDebug|x64
		StaticDebug|x86 = StaticDebug|x86
		StaticRelease|x64 = StaticRelease|x64
		StaticRelease|x86 = StaticRelease|x86
	EndGlobalSection
	GlobalSection(ProjectConfigurationPlatforms) = postSolution
		{70B1D598-FA33-44E6-8B00-A00AD70D06D9}.Debug|x64.ActiveCfg = Debug|x64
		{70B1D598-FA33-44E6-8B00-A00AD70D06D9}.Debug|x64.Build.0 = Debug|x64
		{70B1D598-FA33-44E6-8B00-A00AD70D06D9}.Debug|x86.ActiveCfg = Debug|Win32
		{70B1D598-FA33-44E6-8B00-A00AD70D06D9}.Debug|x86.Build.0 = Debug|Win32
		{70B1D598-FA33-44E6-8B00-A00AD70D06D9}.Release|x64.ActiveCfg = Release|x64
		{70B1D598-FA33-44E6-8B00-A00AD70D06D9}.Release|x64.Build.0 = Release|x64
		{70B1D598-FA33-44E6-8B00-A00AD70D06D9}.Release|x86.ActiveCfg = Release|Win32
		{70B1D598-FA33-44E6-8B00-A00AD70D06D9}.Release|x86.Build.0 = Release|Win32
		{70B1D598-FA33-44E6-8B00-A00AD70D06D9}.StaticDebug|x64.ActiveCfg = StaticDebug|x64
		{70B1D598-FA33-44E6-8B00-A00AD70D06D9}.StaticDebug|x64.Build.0 = StaticDebug|x64
		{70B1D598-FA33-44E6-8B00-A00AD70D06D9}.StaticDebug|x86.ActiveCfg = StaticDebug|Win32
		{70B1D598-FA33-44E6-8B00-A00AD70D06D9}.StaticDebug|x86.Build.0 = StaticDebug|Win32
		{70B1D598-FA33-44E6-8B00-A00AD70D06D9}.StaticRelease|x64.ActiveCfg = StaticRelease|x64
		{70B1D598-FA33-44E6-8B00-A00AD70D06D9}.StaticRelease|x64.Build.0 = StaticRelease|x64
		{70B1D598-FA33-44E6-8B00-A00AD70D06D9}.StaticRelease|x86.ActiveCfg = StaticRelease|Win32
		{70B1D598-FA33-44E6-8B00-A00AD70D06D9}.StaticRelease|x86.Build.0 = StaticRelease|Win32
		{BCFE1ECB-D39D-4BB1-B1F7-BCD550F7939F}.Debug|x64.ActiveCfg = Debug|x64
		{BCFE1ECB-D39D-4BB1-B1F7-BCD550F7939F}.Debug|x64.Build.0 = Debug|x64
		{BCFE1ECB-D39D-4BB1-B1F7-BCD550F7939F}.Debug|x86.ActiveCfg = Debug|Win32
		{BCFE1ECB-D39D-4BB1-B1F7-BCD550F7939F}.Debug|x86.Build.0 = Debug|Win32
		{BCFE1ECB-D39D-4BB1-B1F7-BCD550F7939F}.Release|x64.ActiveCfg = Release|x64
		{BCFE1ECB-D39D-4BB1-B1F7-BCD550F7939F}.Release|x64.Build.0 = Release|x64
		{BCFE1ECB-D39D-4BB1-B1F7-BCD550F7939F}.Release|x86.ActiveCfg = Release|Win32
		{BCFE1ECB-D39D-4BB1-B1F7-BCD550F7939F}.Release|x86.Build.0 = Release|Win32
		{BCFE1ECB-D39D-4BB1-B1F7-BCD550F7939F}.StaticDebug|x64.ActiveCfg = StaticDebug|x64
		{BCFE1ECB-D39D-4BB1-B1F7-BCD550F7939F}.StaticDebug|x64.Build.0 = StaticDebug|x64
		{BCFE1ECB-D39D-4BB1-B1F7-BCD550F7939F}.StaticDebug|x86.ActiveCfg = StaticDebug|Win32
		{BCFE1ECB-D39D-4BB1-B1F7-BCD550F7939F}.StaticDebug|x86.Build.0 = StaticDebug|Win32
		{BCFE1ECB-D39D-4BB1-B1F7-BCD550F7939F}.StaticRelease|x64.ActiveCfg = StaticRelease|x64
		{BCFE1ECB-D39D-4BB1-B1F7-BCD550F7939F}.StaticRelease|x64.Build.0 = StaticRelease|x64
		{BCFE1ECB-D39D-4BB1-B1F7-BCD550F7939F}.StaticRelease|x86.ActiveCfg = StaticRelease|Win32
		{BCFE1ECB-D39D-4BB1-B1F7-BCD550F7939F}.StaticRelease|x86.Build.0 = StaticRelease|Win32
		{2980699D-21A5-48F5-BCB9-40D8BF820914}.Debug|x64.ActiveCfg = Debug|x64
		{2980699D-21A5-48F5-BCB9-40D8BF820914}.Debug|x64.Build.0 = Debug|x64
		{2980699D-21A5-48F5-BCB9-40D8BF820914}.Debug|x86.ActiveCfg = Debug|Win32
		{2980699D-21A5-48F5-BCB9-40D8BF820914}.Debug|x86.Build.0 = Debug|Win32
		{2980699D-21A5-48F5-BCB9-40D8BF820914}.Release|x64.ActiveCfg = Release|x64
		{2980699D-21A5-48F5-BCB9-40D8BF820914}.Release|x64.Build.0 = Release|x64
		{2980699D-21A5-48F5-BCB9-40D8BF820914}.Release|x86.ActiveCfg = Release|Win32
		{2980699D-21A5-48F5-BCB9-40D8BF820914}.Release|x86.Build.0 = Release|Win32
		{2980699D-21A5-48F5-BCB9-40D8BF820914}.StaticDebug|x64.ActiveCfg = StaticDebug|x64
		{2980699D-21A5-48F5-BCB9-40D8BF820914}.StaticDebug|x64.Build.0 = StaticDebug|x64
		{2980699D-21A5-48F5-BCB9-40D8BF820914}.StaticDebug|x86.ActiveCfg = StaticDebug|Win32
		{2980699D-21A5-48F5-BCB9-40D8BF820914}.StaticDebug|x86.Build.0 = StaticDebug|Win32
		{2980699D-21A5-48F5-BCB9-40D8BF820914}.StaticRelease|x64.ActiveCfg = StaticRelease|x64
		{2980699D-21A5-48F5-BCB9-40D8BF820914}.StaticRelease|x64.Build.0 = StaticRelease|x64
		{2980699D-21A5-48F5-BCB9-40D8BF820914}.StaticRelease|x86.ActiveCfg = StaticRelease|Win32
		{2980699D-21A5-48F5-BCB9-40D8BF820914}.StaticRelease|x86.Build.0 = StaticRelease|Win32
		{BC1C30B1-CD32-4454-A594-F032315D4A04}.Debug|x64.ActiveCfg = Debug|x64
		{BC1C30B1-CD32-4454-A594-F032315D4A04}.Debug|x64.Build.0 = Debug|x64
		{BC1C30B1-CD32-4454-A594-F032315D4A04}.Debug|x86.ActiveCfg = Debug|Win32
		{BC1C30B1-CD32-4454-A594-F032315D4A04}.Debug|x86.Build.0 = Debug|Win32
		{BC1C30B1-CD32-4454-A594-F032315D4A04}.Release|x64.ActiveCfg = Release|x64
		{BC1C30B1-CD32-4454-A594-F032315D4A04}.Release|x64.Build.0 = Release|x64
		{BC1C30B1-CD32-4454-A594-F032315D4A04}.Release|x86.ActiveCfg = Release|Win32
		{BC1C30B1-CD32-4454-A594-F032315D4A04}.Release|x86.Build.0 = Release|Win32
		{BC1C30B1-CD32-4454-A594-F032315D4A04}.StaticDebug|x64.ActiveCfg = StaticDebug|x64
		{BC1C30B1-CD32-4454-A594-F032315D4A04}.StaticDebug|x64.Build.0 = StaticDebug|x64
		{BC1C30B1-CD32-4454-A594-F032315D4A04}.StaticDebug|x86.ActiveCfg = StaticDebug|Win32
		{BC1C30B1-CD32-4454-A594-F032315D4A04}.StaticDebug|x86.Build.0 = StaticDebug|Win32
		{BC1C30B1-CD32-4454-A594-F032315D4A04}.StaticRelease|x64.ActiveCfg = StaticRelease|x64
		{BC1C30B1-CD32-4454-A594-F032315D4A04}.StaticRelease|x64.Build.0 = StaticRelease|x64
		{BC1C30B1-CD32-4454-A594-F032315D4A04}.StaticRelease|x86.ActiveCfg = StaticRelease|Win32
		{BC1C30B1-CD32-4454-A594-F032315D4A04}.StaticRelease|x86.Build.0 = StaticRelease|Win32
		{1EEEBF9D-2C6B-40BD-A8B6-69B0E6D5E428}.Debug|x64.ActiveCfg = Debug|x64
		{1EEEBF9D-2C6B-40BD-A8B6-69B0E6D5E428}.Debug|x64.Build.0 = Debug|x64
		{1EEEBF9D-2C6B-40BD-A8B6-69B0E6D5E428}.Debug|x86.ActiveCfg = Debug|Win32
		{1EEEBF9D-2C6B-40BD-A8B6-69B0E6D5E428}.Debug|x86.Build.0 = Debug|Win32
		{1EEEBF9D-2C6B-40BD-A8B6-69B0E6D5E428}.Release|x64.ActiveCfg = Release|x64
		{1EEEBF9D-2C6B-40BD-A8B6-69B0E6D5E428}.Release|x64.Build.0 = Release|x64
		{1EEEBF9D-2C6B-40BD-A8B6-69B0E6D5E428}.Release|x86.ActiveCfg = Release|Win32
		{1EEEBF9D-2C6B-40BD-A8B6-69B0E6D5E428}.Release|x86.Build.0 = Release|Win32
		{1EEEBF9D-2C6B-40BD-A8B6-69B0E6D5E428}.StaticDebug|x64.ActiveCfg = StaticDebug|x64
		{1EEEBF9D-2C6B-40BD-A8B6-69B0E6D5E428}.StaticDebug|x64.Build.0 = StaticDebug|x64
		{1EEEBF9D-2C6B-40BD-A8B6-69B0E6D5E428}.StaticDebug|x86.ActiveCfg = StaticDebug|Win32
		{1EEEBF9D-2C6B-40BD-A8B6-69B0E6D5E428}.StaticDebug|x86.Build.0 = StaticDebug|Win32
		{1EEEBF9D-2C6B-40BD-A8B6-69B0E6D5E428}.StaticRelease|x64.ActiveCfg = StaticRelease|x64
		{1EEEBF9D-2C6B-40BD-A8B6-69B0E6D5E428}.StaticRelease|x64.Build.0 = StaticRelease|x64
		{1EEEBF9D-2C6B-40BD-A8B6-69B0E6D5E428}.StaticRelease|x86.ActiveCfg = StaticRelease|Win32
		{1EEEBF9D-2C6B-40BD-A8B6-69B0E6D5E428}.StaticRelease|x86.Build.0 = StaticRelease|Win32
		{0BFE072B-1A22-49CE-B3BB-FBD1956B0D4F}.Debug|x64.ActiveCfg = Debug|x64
		{0BFE072B-1A22-49CE-B3BB-FBD1956B0D4F}.Debug|x64.Build.0 = Debug|x64
		{0BFE072B-1A22-49CE-B3BB-FBD1956B0D4F}.Debug|x86.ActiveCfg = Debug|Win32
		{0BFE072B-1A22-49CE-B3BB-FBD1956B0D4F}.Debug|x86.Build.0 = Debug|Win32
		{0BFE072B-1A22-49CE-B3BB-FBD1956B0D4F}.Release|x64.ActiveCfg = Release|x64
		{0BFE072B-1A22-49CE-B3BB-FBD1956B0D4F}.Release|x64.Build.0 = Release|x64
		{0BFE072B-1A22-49CE-B3BB-FBD1956B0D4F}.Release|x86.ActiveCfg = Release|Win32
		{0BFE072B-1A22-49CE-B3BB-FBD1956B0D4F}.Release|x86.Build.0 = Release|Win32
		{0BFE072B-1A22-49CE-B3BB-FBD1956B0D4F}.StaticDebug|x64.ActiveCfg = StaticDebug|x64
		{0BFE072B-1A22-49CE-B3BB-FBD1956B0D4F}.StaticDebug|x64.Build.0 = StaticDebug|x64
		{0BFE072B-1A22-49CE-B3BB-FBD1956B0D4F}.StaticDebug|x86.ActiveCfg = StaticDebug|Win32
		{0BFE072B-1A22-49CE-B3BB-FBD1956B0D4F}.StaticDebug|x86.Build.0 = StaticDebug|Win32
		{0BFE072B-1A22-49CE-B3BB-FBD1956B0D4F}.StaticRelease|x64.ActiveCfg = StaticRelease|x64
		{0BFE072B-1A22-49CE-B3BB-FBD1956B0D4F}.StaticRelease|x64.Build.0 = StaticRelease|x64
		{0BFE072B-1A22-49CE-B3BB-FBD1956B0D4F}.StaticRelease|x86.ActiveCfg = StaticRelease|Win32
		{0BFE072B-1A22-49CE-B3BB-FBD1956B0D4F}.StaticRelease|x86.Build.0 = StaticRelease|Win32
		{AE4ED68F-646A-4227-8378-364E567343AE}.Debug|x64.ActiveCfg = Debug|x64
		{AE4ED68F-646A-4227-8378-364E567343AE}.Debug|x64.Build.0 = Debug|x64
		{AE4ED68F-646A-4227-8378-364E567343AE}.Debug|x86.ActiveCfg = Debug|Win32
		{AE4ED68F-646A-4227-8378-364E567343AE}.Debug|x86.Build.0 = Debug|Win32
		{AE4ED68F-646A-4227-8378-364E567343AE}.Release|x64.ActiveCfg = Release|x64
		{AE4ED68F-646A-4227-8378-364E567343AE}.Release|x64.Build.0 = Release|x64
		{AE4ED68F-646A-4227-8378-364E567343AE}.Release|x86.ActiveCfg = Release|Win32
		{AE4ED68F-646A-4227-8378-364E567343AE}.Release|x86.Build.0 = Release|Win32
		{AE4ED68F-646A-4227-8378-364E567343AE}.StaticDebug|x64.ActiveCfg = StaticDebug|x64
		{AE4ED68F-646A-4227-8378-364E567343AE}.StaticDebug|x64.Build.0 = StaticDebug|x64
		{AE4ED68F-646A-4227-8378-364E567343AE}.StaticDebug|x86.ActiveCfg = StaticDebug|Win32
		{AE4ED68F-646A-4227-8378-364E567343AE}.StaticDebug|x86.Build.0 = StaticDebug|Win32
		{AE4ED68F-646A-4227-8378-364E567343AE}.StaticRelease|x64.ActiveCfg = StaticRelease|x64
		{AE4ED68F-646A-4227-8378-364E567343AE}.StaticRelease|x64.Build.0 = StaticRelease|x64
		{AE4ED68F-646A-4227-8378-364E567343AE}.StaticRelease|x86.ActiveCfg = StaticRelease|Win32
		{AE4ED68F-646A-4227-8378-364E567343AE}.StaticRelease|x86.Build.0 = StaticRelease|Win32
		{40F3064C-0D49-4ABE-87B9-F7EEC19DBE32}.Debug|x64.ActiveCfg = Debug|x64
		{40F3064C-0D49-4ABE-87B9-F7EEC19DBE32}.Debug|x64.Build.0 = Debug|x64
		{40F3064C-0D49-4ABE-87B9-F7EEC19DBE32}.Debug|x86.ActiveCfg = Debug|Win32
		{40F3064C-0D49-4ABE-87B9-F7EEC19DBE32}.Debug|x86.Build.0 = Debug|Win32
		{40F3064C-0D49-4ABE-87B9-F7EEC19DBE32}.Release|x64.ActiveCfg = Release|x64
		{40F3064C-0D49-4ABE-87B9-F7EEC19DBE32}.Release|x64.Build.0 = Release|x64
		{40F3064C-0D49-4ABE-87B9-F7EEC19DBE32}.Release|x86.ActiveCfg = Release|Win32
		{40F3064C-0D49-4ABE-87B9-F7EEC19DBE32}.Release|x86.Build.0 = Release|Win32
		{40F3064C-0D49-4ABE-87B9-F7EEC19DBE32}.StaticDebug|x64.ActiveCfg = StaticDebug|x64
		{40F3064C-0D49-4ABE-87B9-F7EEC19DBE32}.StaticDebug|x64.Build.0 = StaticDebug|x64
		{40F3064C-0D49-4ABE-87B9-F7EEC19DBE32}.StaticDebug|x86.ActiveCfg = StaticDebug|Win32
		{40F3064C-0D49-4ABE-87B9-F7EEC19DBE32}.StaticDebug|x86.Build.0 = StaticDebug|Win32
		{40F3064C-0D49-4ABE-87B9-F7EEC19DBE32}.StaticRelease|x64.ActiveCfg = StaticRelease|x64
		{40F3064C-0D49-4ABE-87B9-F7EEC19DBE32}.StaticRelease|x64.Build.0 = StaticRelease|x64
		{40F3064C-0D49-4ABE-87B9-F7EEC19DBE32}.StaticRelease|x86.ActiveCfg = StaticRelease|Win32
		{40F3064C-0D49-4ABE-87B9-F7EEC19DBE32}.StaticRelease|x86.Build.0 = StaticRelease|Win32
		{B107C42F-B9FD-43CF-95EF-735B2BDF80C2}.Debug|x64.ActiveCfg = Debug|x64
		{B107C42F-B9FD-43CF-95EF-735B2BDF80C2}.Debug|x64.Build.0 = Debug|x64
		{B107C42F-B9FD-43CF-95EF-735B2BDF80C2}.Debug|x86.ActiveCfg = Debug|Win32
		{B107C42F-B9FD-43CF-95EF-735B2BDF80C2}.Debug|x86.Build.0 = Debug|Win32
		{B107C42F-B9FD-43CF-95EF-735B2BDF80C2}.Release|x64.ActiveCfg = Release|x64
		{B107C42F-B9FD-43CF-95EF-735B2BDF80C2}.Release|x64.Build.0 = Release|x64
		{B107C42F-B9FD-43CF-95EF-735B2BDF80C2}.Release|x86.ActiveCfg = Release|Win32
		{B107C42F-B9FD-43CF-95EF-735B2BDF80C2}.Release|x86.Build.0 = Release|Win32
		{B107C42F-B9FD-43CF-95EF-735B2BDF80C2}.StaticDebug|x64.ActiveCfg = StaticDebug|x64
		{B107C42F-B9FD-43CF-95EF-735B2BDF80C2}.StaticDebug|x64.Build.0 = StaticDebug|x64
		{B107C42F-B9FD-43CF-95EF-735B2BDF80C2}.StaticDebug|x86.ActiveCfg = StaticDebug|Win32
		{B107C42F-B9FD-43CF-95EF-735B2BDF80C2}.StaticDebug|x86.Build.0 = StaticDebug|Win32
		{B107C42F-B9FD-43CF-95EF-735B2BDF80C2}.StaticRelease|x64.ActiveCfg = StaticRelease|x64
		{B107C42F-B9FD-43CF-95EF-735B2BDF80C2}.StaticRelease|x64.Build.0 = StaticRelease|x64
		{B107C42F-B9FD-43CF-95EF-735B2BDF80C2}.StaticRelease|x86.ActiveCfg = StaticRelease|Win32
		{B107C42F-B9FD-43CF-95EF-735B2BDF80C2}.StaticRelease|x86.Build.0 = StaticRelease|Win32
		{868956A6-1638-4523-9F3C-BCEEDC9E0FEA}.Debug|x64.ActiveCfg = Debug|x64
		{868956A6-1638-4523-9F3C-BCEEDC9E0FEA}.Debug|x64.Build.0 = Debug|x64
		{868956A6-1638-4523-9F3C-BCEEDC9E0FEA}.Debug|x86.ActiveCfg = Debug|Win32
		{868956A6-1638-4523-9F3C-BCEEDC9E0FEA}.Debug|x86.Build.0 = Debug|Win32
		{868956A6-1638-4523-9F3C-BCEEDC9E0FEA}.Release|x64.ActiveCfg = Release|x64
		{868956A6-1638-4523-9F3C-BCEEDC9E0FEA}.Release|x64.Build.0 = Release|x64
		{868956A6-1638-4523-9F3C-BCEEDC9E0FEA}.Release|x86.ActiveCfg = Release|Win32
		{868956A6-1638-4523-9F3C-BCEEDC9E0FEA}.Release|x86.Build.0 = Release|Win32
		{868956A6-1638-4523-9F3C-BCEEDC9E0FEA}.StaticDebug|x64.ActiveCfg = StaticDebug|x64
		{868956A6-1638-4523-9F3C-BCEEDC9E0FEA}.StaticDebug|x64.Build.0 = StaticDebug|x64
		{868956A6-1638-4523-9F3C-BCEEDC9E0FEA}.StaticDebug|x86.ActiveCfg = StaticDebug|Win32
		{868956A6-1638-4523-9F3C-BCEEDC9E0FEA}.StaticDebug|x86.Build.0 = StaticDebug|Win32
		{868956A6-1638-4523-9F3C-BCEEDC9E0FEA}.StaticRelease|x64.ActiveCfg = StaticRelease|x64
		{868956A6-1638-4523-9F3C-BCEEDC9E0FEA}.StaticRelease|x64.Build.0 = StaticRelease|x64
		{868956A6-1638-4523-9F3C-BCEEDC9E0FEA}.StaticRelease|x86.ActiveCfg = StaticRelease|Win32
		{868956A6-1638-4523-9F3C-BCEEDC9E0FEA}.StaticRelease|x86.Build.0 = StaticRelease|Win32
		{CF0EAD89-A149-4D1D-B683-DF394E074136}.Debug|x64.ActiveCfg = Debug|x64
		{CF0EAD89-A149-4D1D-B683-DF394E074136}.Debug|x64.Build.0 = Debug|x64
		{CF0EAD89-A149-4D1D-B683-DF394E074136}.Debug|x86.ActiveCfg = Debug|Win32
		{CF0EAD89-A149-4D1D-B683-DF394E074136}.Debug|x86.Build.0 = Debug|Win32
		{CF0EAD89-A149-4D1D-B683-DF394E074136}.Release|x64.ActiveCfg = Release|x64
		{CF0EAD89-A149-4D1D-B683-DF394E074136}.Release|x64.Build.0 = Release|x64
		{CF0EAD89-A149-4D1D-B683-DF394E074136}.Release|x86.ActiveCfg = Release|Win32
		{CF0EAD89-A149-4D1D-B683-DF394E074136}.Release|x86.Build.0 = Release|Win32
		{CF0EAD89-A149-4D1D-B683-DF394E074136}.StaticDebug|x64.ActiveCfg = StaticDebug|x64
		{CF0EAD89-A149-4D1D-B683-DF394E074136}.StaticDebug|x64.Build.0 = StaticDebug|x64
		{CF0EAD89-A149-4D1D-B683-DF394E074136}.StaticDebug|x86.ActiveCfg = StaticDebug|Win32
		{CF0EAD89-A149-4D1D-B683-DF394E074136}.StaticDebug|x86.Build.0 = StaticDebug|Win32
		{CF0EAD89-A149-4D1D-B683-DF394E074136}.StaticRelease|x64.ActiveCfg = StaticRelease|x64
		{CF0EAD89-A149-4D1D-B683-DF394E074136}.StaticRelease|x64.Build.0 = StaticRelease|x64
		{CF0EAD89-A149-4D1D-B683-DF394E074136}.StaticRelease|x86.ActiveCfg = StaticRelease|Win32
		{CF0EAD89-A149-4D1D-B683-DF394E074136}.StaticRelease|x86.Build.0 = StaticRelease|Win32
		{4713B714-E0AB-4894-920B-F4FC1498C842}.Debug|x64.ActiveCfg = Debug|x64
		{4713B714-E0AB-4894-920B-F4FC1498C842}.Debug|x64.Build.0 = Debug|x64
		{4713B714-E0AB-4894-920B-F4FC1498C842}.Debug|x86.ActiveCfg = Debug|Win32
		{4713B714-E0AB-4894-920B-F4FC1498C842}.Debug|x86.Build.0 = Debug|Win32
		{4713B714-E0AB-4894-920B-F4FC1498C842}.Release|x64.ActiveCfg = Release|x64
		{4713B714-E0AB-4894-920B-F4FC1498C842}.Release|x64.Build.0 = Release|x64
		{4713B714-E0AB-4894-920B-F4FC1498C842}.Release|x86.ActiveCfg = Release|Win32
		{4713B714-E0AB-4894-920B-F4FC1498C842}.Release|x86.Build.0 = Release|Win32
		{4713B714-E0AB-4894-920B-F4FC1498C842}.StaticDebug|x64.ActiveCfg = StaticDebug|x64
		{4713B714-E0AB-4894-920B-F4FC1498C842}.StaticDebug|x64.Build.0 = StaticDebug|x64
		{4713B714-E0AB-4894-920B-F4FC1498C842}.StaticDebug|x86.ActiveCfg = StaticDebug|Win32
		{4713B714-E0AB-4894-920B-F4FC1498C842}.StaticDebug|x86.Build.0 = StaticDebug|Win32
		{4713B714-E0AB-4894-920B-F4FC1498C842}.StaticRelease|x64.ActiveCfg = StaticRelease|x64
		{4713B714-E0AB-4894-920B-F4FC1498C842}.StaticRelease|x64.Build.0 = StaticRelease|x64
		{4713B714-E0AB-4894-920B-F4FC1498C842}.StaticRelease|x86.ActiveCfg = StaticRelease|Win32
		{4713B714-E0AB-4894-920B-F4FC1498C842}.StaticRelease|x86.Build.0 = StaticRelease|Win32
		{CBAA8FB6-71D1-413D-B130-BC37B95C8ADA}.Debug|x64.ActiveCfg = Debug|x64
		{CBAA8FB6-71D1-413D-B130-BC37B95C8ADA}.Debug|x64.Build.0 = Debug|x64
		{CBAA8FB6-71D1-413D-B130-BC37B95C8ADA}.Debug|x86.ActiveCfg = Debug|Win32
		{CBAA8FB6-71D1-413D-B130-BC37B95C8ADA}.Debug|x86.Build.0 = Debug|Win32
		{CBAA8FB6-71D1-413D-B130-BC37B95C8ADA}.Release|x64.ActiveCfg = Release|x64
		{CBAA8FB6-71D1-413D-B130-BC37B95C8ADA}.Release|x64.Build.0 = Release|x64
		{CBAA8FB6-71D1-413D-B130-BC37B95C8ADA}.Release|x86.ActiveCfg = Release|Win32
		{CBAA8FB6-71D1-413D-B130-BC37B95C8ADA}.Release|x86.Build.0 = Release|Win32
		{CBAA8FB6-71D1-413D-B130-BC37B95C8ADA}.StaticDebug|x64.ActiveCfg = StaticDebug|x64
		{CBAA8FB6-71D1-413D-B130-BC37B95C8ADA}.StaticDebug|x64.Build.0 = StaticDebug|x64
		{CBAA8FB6-71D1-413D-B130-BC37B95C8ADA}.StaticDebug|x86.ActiveCfg = StaticDebug|Win32
		{CBAA8FB6-71D1-413D-B130-BC37B95C8ADA}.StaticDebug|x86.Build.0 = StaticDebug|Win32
		{CBAA8FB6-71D1-413D-B130-BC37B95C8ADA}.StaticRelease|x64.ActiveCfg = StaticRelease|x64
		{CBAA8FB6-71D1-413D-B130-BC37B95C8ADA}.StaticRelease|x64.Build.0 = StaticRelease|x64
		{CBAA8FB6-71D1-413D-B130-BC37B95C8ADA}.StaticRelease|x86.ActiveCfg = StaticRelease|Win32
		{CBAA8FB6-71D1-413D-B130-BC37B95C8ADA}.StaticRelease|x86.Build.0 = StaticRelease|Win32
		{AE9CA930-67CB-4F45-860D-AF0D03C6373D}.Debug|x64.ActiveCfg = Debug|x64
		{AE9CA930-67CB-4F45-860D-AF0D03C6373D}.Debug|x64.Build.0 = Debug|x64
		{AE9CA930-67CB-4F45-860D-AF0D03C6373D}.Debug|x86.ActiveCfg = Debug|Win32
		{AE9CA930-67CB-4F45-860D-AF0D03C6373D}.Debug|x86.Build.0 = Debug|Win32
		{AE9CA930-67CB-4F45-860D-AF0D03C6373D}.Release|x64.ActiveCfg = Release|x64
		{AE9CA930-67CB-4F45-860D-AF0D03C6373D}.Release|x64.Build.0 = Release|x64
		{AE9CA930-67CB-4F45-860D-AF0D03C6373D}.Release|x86.ActiveCfg = Release|Win32
		{AE9CA930-67CB-4F45-860D-AF0D03C6373D}.Release|x86.Build.0 = Release|Win32
		{AE9CA930-67CB-4F45-860D-AF0D03C6373D}.StaticDebug|x64.ActiveCfg = StaticDebug|x64
		{AE9CA930-67CB-4F45-860D-AF0D03C6373D}.StaticDebug|x64.Build.0 = StaticDebug|x64
		{AE9CA930-67CB-4F45-860D-AF0D03C6373D}.StaticDebug|x86.ActiveCfg = StaticDebug|Win32
		{AE9CA930-67CB-4F45-860D-AF0D03C6373D}.StaticDebug|x86.Build.0 = StaticDebug|Win32
		{AE9CA930-67CB-4F45-860D-AF0D03C6373D}.StaticRelease|x64.ActiveCfg = StaticRelease|x64
		{AE9CA930-67CB-4F45-860D-AF0D03C6373D}.StaticRelease|x64.Build.0 = StaticRelease|x64
		{AE9CA930-67CB-4F45-860D-AF0D03C6373D}.StaticRelease|x86.ActiveCfg = StaticRelease|Win32
		{AE9CA930-67CB-4F45-860D-AF0D03C6373D}.StaticRelease|x86.Build.0 = StaticRelease|Win32
	EndGlobalSection
	GlobalSection(SolutionProperties) = preSolution
		HideSolutionNode = FALSE
	EndGlobalSection
	GlobalSection(NestedProjects) = preSolution
		{4063BBF3-B49A-4081-9BB7-32DDA7C523CD} = {E5910B5E-D79A-44EB-9C81-532EA216A3E4}
		{70B1D598-FA33-44E6-8B00-A00AD70D06D9} = {4063BBF3-B49A-4081-9BB7-32DDA7C523CD}
		{BCFE1ECB-D39D-4BB1-B1F7-BCD550F7939F} = {4063BBF3-B49A-4081-9BB7-32DDA7C523CD}
		{2980699D-21A5-48F5-BCB9-40D8BF820914} = {4063BBF3-B49A-4081-9BB7-32DDA7C523CD}
		{BC1C30B1-CD32-4454-A594-F032315D4A04} = {4063BBF3-B49A-4081-9BB7-32DDA7C523CD}
		{1EEEBF9D-2C6B-40BD-A8B6-69B0E6D5E428} = {E5910B5E-D79A-44EB-9C81-532EA216A3E4}
		{0BFE072B-1A22-49CE-B3BB-FBD1956B0D4F} = {4063BBF3-B49A-4081-9BB7-32DDA7C523CD}
		{AE4ED68F-646A-4227-8378-364E567343AE} = {E5910B5E-D79A-44EB-9C81-532EA216A3E4}
		{40F3064C-0D49-4ABE-87B9-F7EEC19DBE32} = {E5910B5E-D79A-44EB-9C81-532EA216A3E4}
		{B107C42F-B9FD-43CF-95EF-735B2BDF80C2} = {E5910B5E-D79A-44EB-9C81-532EA216A3E4}
		{868956A6-1638-4523-9F3C-BCEEDC9E0FEA} = {594241D1-D655-42D6-886C-70EAEE6F9A0D}
		{E22403D5-9DA4-426D-B1F7-C74E5E6679A4} = {594241D1-D655-42D6-886C-70EAEE6F9A0D}
		{CF0EAD89-A149-4D1D-B683-DF394E074136} = {E22403D5-9DA4-426D-B1F7-C74E5E6679A4}
		{4713B714-E0AB-4894-920B-F4FC1498C842} = {4063BBF3-B49A-4081-9BB7-32DDA7C523CD}
		{CBAA8FB6-71D1-413D-B130-BC37B95C8ADA} = {4063BBF3-B49A-4081-9BB7-32DDA7C523CD}
		{AE9CA930-67CB-4F45-860D-AF0D03C6373D} = {E5910B5E-D79A-44EB-9C81-532EA216A3E4}
	EndGlobalSection
EndGlobal
