<?xml version="1.0" encoding="utf-8"?>
<Project ToolsVersion="4.0" xmlns="http://schemas.microsoft.com/developer/msbuild/2003">
  <ItemGroup>
    <Filter Include="Source Files">
      <UniqueIdentifier>{4FC737F1-C7A5-4376-A066-2A32D752A2FF}</UniqueIdentifier>
      <Extensions>cpp;c;cc;cxx;def;odl;idl;hpj;bat;asm;asmx</Extensions>
    </Filter>
    <Filter Include="Header Files">
      <UniqueIdentifier>{93995380-89BD-4b04-88EB-625FBE52EBFB}</UniqueIdentifier>
      <Extensions>h;hh;hpp;hxx;hm;inl;inc;xsd</Extensions>
    </Filter>
    <Filter Include="Resource Files">
      <UniqueIdentifier>{67DA6AB6-F800-4c08-8B7A-83BB121AAD01}</UniqueIdentifier>
      <Extensions>rc;ico;cur;bmp;dlg;rc2;rct;bin;rgs;gif;jpg;jpeg;jpe;resx;tiff;tif;png;wav;mfcribbon-ms</Extensions>
    </Filter>
  </ItemGroup>
  <ItemGroup>
    <ClCompile Include="..\..\toxcore\toxcore\assoc.c">
      <Filter>Source Files</Filter>
    </ClCompile>
    <ClCompile Include="..\..\toxcore\toxcore\crypto_core.c">
      <Filter>Source Files</Filter>
    </ClCompile>
    <ClCompile Include="..\..\toxcore\toxcore\DHT.c">
      <Filter>Source Files</Filter>
    </ClCompile>
    <ClCompile Include="..\..\toxcore\toxcore\friend_connection.c">
      <Filter>Source Files</Filter>
    </ClCompile>
    <ClCompile Include="..\..\toxcore\toxcore\friend_requests.c">
      <Filter>Source Files</Filter>
    </ClCompile>
    <ClCompile Include="..\..\toxcore\toxcore\group.c">
      <Filter>Source Files</Filter>
    </ClCompile>
    <ClCompile Include="..\..\toxcore\toxcore\LAN_discovery.c">
      <Filter>Source Files</Filter>
    </ClCompile>
    <ClCompile Include="..\..\toxcore\toxcore\list.c">
      <Filter>Source Files</Filter>
    </ClCompile>
    <ClCompile Include="..\..\toxcore\toxcore\logger.c">
      <Filter>Source Files</Filter>
    </ClCompile>
    <ClCompile Include="..\..\toxcore\toxcore\Messenger.c">
      <Filter>Source Files</Filter>
    </ClCompile>
    <ClCompile Include="..\..\toxcore\toxcore\net_crypto.c">
      <Filter>Source Files</Filter>
    </ClCompile>
    <ClCompile Include="..\..\toxcore\toxcore\network.c">
      <Filter>Source Files</Filter>
    </ClCompile>
    <ClCompile Include="..\..\toxcore\toxcore\onion.c">
      <Filter>Source Files</Filter>
    </ClCompile>
    <ClCompile Include="..\..\toxcore\toxcore\onion_announce.c">
      <Filter>Source Files</Filter>
    </ClCompile>
    <ClCompile Include="..\..\toxcore\toxcore\onion_client.c">
      <Filter>Source Files</Filter>
    </ClCompile>
    <ClCompile Include="..\..\toxcore\toxcore\ping.c">
      <Filter>Source Files</Filter>
    </ClCompile>
    <ClCompile Include="..\..\toxcore\toxcore\ping_array.c">
      <Filter>Source Files</Filter>
    </ClCompile>
    <ClCompile Include="..\..\toxcore\toxcore\TCP_client.c">
      <Filter>Source Files</Filter>
    </ClCompile>
    <ClCompile Include="..\..\toxcore\toxcore\TCP_connection.c">
      <Filter>Source Files</Filter>
    </ClCompile>
    <ClCompile Include="..\..\toxcore\toxcore\TCP_server.c">
      <Filter>Source Files</Filter>
    </ClCompile>
    <ClCompile Include="..\..\toxcore\toxcore\tox.c">
      <Filter>Source Files</Filter>
    </ClCompile>
    <ClCompile Include="..\..\toxcore\toxcore\util.c">
      <Filter>Source Files</Filter>
    </ClCompile>
  </ItemGroup>
  <ItemGroup>
    <ClInclude Include="..\..\toxcore\toxcore\assoc.h">
      <Filter>Header Files</Filter>
    </ClInclude>
    <ClInclude Include="..\..\toxcore\toxcore\crypto_core.h">
      <Filter>Header Files</Filter>
    </ClInclude>
    <ClInclude Include="..\..\toxcore\toxcore\DHT.h">
      <Filter>Header Files</Filter>
    </ClInclude>
    <ClInclude Include="..\..\toxcore\toxcore\friend_connection.h">
      <Filter>Header Files</Filter>
    </ClInclude>
    <ClInclude Include="..\..\toxcore\toxcore\friend_requests.h">
      <Filter>Header Files</Filter>
    </ClInclude>
    <ClInclude Include="..\..\toxcore\toxcore\group.h">
      <Filter>Header Files</Filter>
    </ClInclude>
    <ClInclude Include="..\..\toxcore\toxcore\LAN_discovery.h">
      <Filter>Header Files</Filter>
    </ClInclude>
    <ClInclude Include="..\..\toxcore\toxcore\list.h">
      <Filter>Header Files</Filter>
    </ClInclude>
    <ClInclude Include="..\..\toxcore\toxcore\logger.h">
      <Filter>Header Files</Filter>
    </ClInclude>
    <ClInclude Include="..\..\toxcore\toxcore\Messenger.h">
      <Filter>Header Files</Filter>
    </ClInclude>
    <ClInclude Include="..\..\toxcore\toxcore\misc_tools.h">
      <Filter>Header Files</Filter>
    </ClInclude>
    <ClInclude Include="..\..\toxcore\toxcore\net_crypto.h">
      <Filter>Header Files</Filter>
    </ClInclude>
    <ClInclude Include="..\..\toxcore\toxcore\network.h">
      <Filter>Header Files</Filter>
    </ClInclude>
    <ClInclude Include="..\..\toxcore\toxcore\onion.h">
      <Filter>Header Files</Filter>
    </ClInclude>
    <ClInclude Include="..\..\toxcore\toxcore\onion_announce.h">
      <Filter>Header Files</Filter>
    </ClInclude>
    <ClInclude Include="..\..\toxcore\toxcore\onion_client.h">
      <Filter>Header Files</Filter>
    </ClInclude>
    <ClInclude Include="..\..\toxcore\toxcore\ping.h">
      <Filter>Header Files</Filter>
    </ClInclude>
    <ClInclude Include="..\..\toxcore\toxcore\ping_array.h">
      <Filter>Header Files</Filter>
    </ClInclude>
    <ClInclude Include="..\..\toxcore\toxcore\TCP_client.h">
      <Filter>Header Files</Filter>
    </ClInclude>
    <ClInclude Include="..\..\toxcore\toxcore\TCP_connection.h">
      <Filter>Header Files</Filter>
    </ClInclude>
    <ClInclude Include="..\..\toxcore\toxcore\TCP_server.h">
      <Filter>Header Files</Filter>
    </ClInclude>
    <ClInclude Include="..\..\toxcore\toxcore\tox.h">
      <Filter>Header Files</Filter>
    </ClInclude>
    <ClInclude Include="..\..\toxcore\toxcore\tox_old.h">
      <Filter>Header Files</Filter>
    </ClInclude>
    <ClInclude Include="..\..\toxcore\toxcore\tox_old_code.h">
      <Filter>Header Files</Filter>
    </ClInclude>
    <ClInclude Include="..\..\toxcore\toxcore\util.h">
      <Filter>Header Files</Filter>
    </ClInclude>
  </ItemGroup>
  <ItemGroup>
    <None Include="tox.def">
      <Filter>Source Files</Filter>
    </None>
  </ItemGroup>
</Project>